# This file is automatically @generated by Cargo.
# It is not intended for manual editing.
version = 3

[[package]]
name = "async-ffi"
version = "0.3.1"
source = "registry+https://github.com/rust-lang/crates.io-index"
checksum = "57d467659ea181b802aa9056eb737c155b40d5723b7c939440ed1bbf88fc9087"

[[package]]
name = "bws_plugin"
version = "0.1.0"
dependencies = [
 "async-ffi",
]
